// !$*UTF8*$!
{
	archiveVersion = 1;
	classes = {
	};
	objectVersion = 46;
	objects = {

/* Begin PBXBuildFile section */
		FA8BF2791F370C7E000BB960 /* main.m in Sources */ = {isa = PBXBuildFile; fileRef = FA8BF2781F370C7E000BB960 /* main.m */; };
		FA8BF27C1F370C7E000BB960 /* AppDelegate.m in Sources */ = {isa = PBXBuildFile; fileRef = FA8BF27B1F370C7E000BB960 /* AppDelegate.m */; };
		FA8BF27F1F370C7E000BB960 /* ViewController.m in Sources */ = {isa = PBXBuildFile; fileRef = FA8BF27E1F370C7E000BB960 /* ViewController.m */; };
		FA8BF2821F370C7E000BB960 /* Main.storyboard in Resources */ = {isa = PBXBuildFile; fileRef = FA8BF2801F370C7E000BB960 /* Main.storyboard */; };
		FA8BF2841F370C7E000BB960 /* Assets.xcassets in Resources */ = {isa = PBXBuildFile; fileRef = FA8BF2831F370C7E000BB960 /* Assets.xcassets */; };
		FA8BF2871F370C7E000BB960 /* LaunchScreen.storyboard in Resources */ = {isa = PBXBuildFile; fileRef = FA8BF2851F370C7E000BB960 /* LaunchScreen.storyboard */; };
		FA8BF2901F3730DB000BB960 /* CustomLabel.m in Sources */ = {isa = PBXBuildFile; fileRef = FA8BF28F1F3730DB000BB960 /* CustomLabel.m */; };
/* End PBXBuildFile section */

/* Begin PBXFileReference section */
		FA8BF2741F370C7E000BB960 /* TestRunLoop2.app */ = {isa = PBXFileReference; explicitFileType = wrapper.application; includeInIndex = 0; path = TestRunLoop2.app; sourceTree = BUILT_PRODUCTS_DIR; };
		FA8BF2781F370C7E000BB960 /* main.m */ = {isa = PBXFileReference; lastKnownFileType = sourcecode.c.objc; path = main.m; sourceTree = "<group>"; };
		FA8BF27A1F370C7E000BB960 /* AppDelegate.h */ = {isa = PBXFileReference; lastKnownFileType = sourcecode.c.h; path = AppDelegate.h; sourceTree = "<group>"; };
		FA8BF27B1F370C7E000BB960 /* AppDelegate.m */ = {isa = PBXFileReference; lastKnownFileType = sourcecode.c.objc; path = AppDelegate.m; sourceTree = "<group>"; };
		FA8BF27D1F370C7E000BB960 /* ViewController.h */ = {isa = PBXFileReference; lastKnownFileType = sourcecode.c.h; path = ViewController.h; sourceTree = "<group>"; };
		FA8BF27E1F370C7E000BB960 /* ViewController.m */ = {isa = PBXFileReference; lastKnownFileType = sourcecode.c.objc; path = ViewController.m; sourceTree = "<group>"; };
		FA8BF2811F370C7E000BB960 /* Base */ = {isa = PBXFileReference; lastKnownFileType = file.storyboard; name = Base; path = Base.lproj/Main.storyboard; sourceTree = "<group>"; };
		FA8BF2831F370C7E000BB960 /* Assets.xcassets */ = {isa = PBXFileReference; lastKnownFileType = folder.assetcatalog; path = Assets.xcassets; sourceTree = "<group>"; };
		FA8BF2861F370C7E000BB960 /* Base */ = {isa = PBXFileReference; lastKnownFileType = file.storyboard; name = Base; path = Base.lproj/LaunchScreen.storyboard; sourceTree = "<group>"; };
		FA8BF2881F370C7E000BB960 /* Info.plist */ = {isa = PBXFileReference; lastKnownFileType = text.plist.xml; path = Info.plist; sourceTree = "<group>"; };
		FA8BF28E1F3730DB000BB960 /* CustomLabel.h */ = {isa = PBXFileReference; fileEncoding = 4; lastKnownFileType = sourcecode.c.h; path = CustomLabel.h; sourceTree = "<group>"; };
		FA8BF28F1F3730DB000BB960 /* CustomLabel.m */ = {isa = PBXFileReference; fileEncoding = 4; lastKnownFileType = sourcecode.c.objc; path = CustomLabel.m; sourceTree = "<group>"; };
/* End PBXFileReference section */

/* Begin PBXFrameworksBuildPhase section */
		FA8BF2711F370C7E000BB960 /* Frameworks */ = {
			isa = PBXFrameworksBuildPhase;
			buildActionMask = 2147483647;
			files = (
			);
			runOnlyForDeploymentPostprocessing = 0;
		};
/* End PBXFrameworksBuildPhase section */

/* Begin PBXGroup section */
		FA8BF26B1F370C7E000BB960 = {
			isa = PBXGroup;
			children = (
				FA8BF2761F370C7E000BB960 /* TestRunLoop2 */,
				FA8BF2751F370C7E000BB960 /* Products */,
			);
			sourceTree = "<group>";
		};
		FA8BF2751F370C7E000BB960 /* Products */ = {
			isa = PBXGroup;
			children = (
				FA8BF2741F370C7E000BB960 /* TestRunLoop2.app */,
			);
			name = Products;
			sourceTree = "<group>";
		};
		FA8BF2761F370C7E000BB960 /* TestRunLoop2 */ = {
			isa = PBXGroup;
			children = (
				FA8BF27A1F370C7E000BB960 /* AppDelegate.h */,
				FA8BF27B1F370C7E000BB960 /* AppDelegate.m */,
				FA8BF27D1F370C7E000BB960 /* ViewController.h */,
				FA8BF27E1F370C7E000BB960 /* ViewController.m */,
				FA8BF2801F370C7E000BB960 /* Main.storyboard */,
				FA8BF2831F370C7E000BB960 /* Assets.xcassets */,
				FA8BF2851F370C7E000BB960 /* LaunchScreen.storyboard */,
				FA8BF2881F370C7E000BB960 /* Info.plist */,
				FA8BF2771F370C7E000BB960 /* Supporting Files */,
				FA8BF28E1F3730DB000BB960 /* CustomLabel.h */,
				FA8BF28F1F3730DB000BB960 /* CustomLabel.m */,
			);
			path = TestRunLoop2;
			sourceTree = "<group>";
		};
		FA8BF2771F370C7E000BB960 /* Supporting Files */ = {
			isa = PBXGroup;
			children = (
				FA8BF2781F370C7E000BB960 /* main.m */,
			);
			name = "Supporting Files";
			sourceTree = "<group>";
		};
/* End PBXGroup section */

/* Begin PBXNativeTarget section */
		FA8BF2731F370C7E000BB960 /* TestRunLoop2 */ = {
			isa = PBXNativeTarget;
			buildConfigurationList = FA8BF28B1F370C7E000BB960 /* Build configuration list for PBXNativeTarget "TestRunLoop2" */;
			buildPhases = (
				FA8BF2701F370C7E000BB960 /* Sources */,
				FA8BF2711F370C7E000BB960 /* Frameworks */,
				FA8BF2721F370C7E000BB960 /* Resources */,
			);
			buildRules = (
			);
			dependencies = (
			);
			name = TestRunLoop2;
			productName = TestRunLoop2;
			productReference = FA8BF2741F370C7E000BB960 /* TestRunLoop2.app */;
			productType = "com.apple.product-type.application";
		};
/* End PBXNativeTarget section */

/* Begin PBXProject section */
		FA8BF26C1F370C7E000BB960 /* Project object */ = {
			isa = PBXProject;
			attributes = {
				LastUpgradeCheck = 0830;
				ORGANIZATIONNAME = "Lin,Shiwei";
				TargetAttributes = {
					FA8BF2731F370C7E000BB960 = {
						CreatedOnToolsVersion = 8.3.3;
						DevelopmentTeam = 544PNK2P78;
						ProvisioningStyle = Automatic;
					};
				};
			};
			buildConfigurationList = FA8BF26F1F370C7E000BB960 /* Build configuration list for PBXProject "TestRunLoop2" */;
			compatibilityVersion = "Xcode 3.2";
			developmentRegion = English;
			hasScannedForEncodings = 0;
			knownRegions = (
				en,
				Base,
			);
			mainGroup = FA8BF26B1F370C7E000BB960;
			productRefGroup = FA8BF2751F370C7E000BB960 /* Products */;
			projectDirPath = "";
			projectRoot = "";
			targets = (
				FA8BF2731F370C7E000BB960 /* TestRunLoop2 */,
			);
		};
/* End PBXProject section */

/* Begin PBXResourcesBuildPhase section */
		FA8BF2721F370C7E000BB960 /* Resources */ = {
			isa = PBXResourcesBuildPhase;
			buildActionMask = 2147483647;
			files = (
				FA8BF2871F370C7E000BB960 /* LaunchScreen.storyboard in Resources */,
				FA8BF2841F370C7E000BB960 /* Assets.xcassets in Resources */,
				FA8BF2821F370C7E000BB960 /* Main.storyboard in Resources */,
			);
			runOnlyForDeploymentPostprocessing = 0;
		};
/* End PBXResourcesBuildPhase section */

/* Begin PBXSourcesBuildPhase section */
		FA8BF2701F370C7E000BB960 /* Sources */ = {
			isa = PBXSourcesBuildPhase;
			buildActionMask = 2147483647;
			files = (
				FA8BF27F1F370C7E000BB960 /* ViewController.m in Sources */,
				FA8BF27C1F370C7E000BB960 /* AppDelegate.m in Sources */,
				FA8BF2791F370C7E000BB960 /* main.m in Sources */,
				FA8BF2901F3730DB000BB960 /* CustomLabel.m in Sources */,
			);
			runOnlyForDeploymentPostprocessing = 0;
		};
/* End PBXSourcesBuildPhase section */

/* Begin PBXVariantGroup section */
		FA8BF2801F370C7E000BB960 /* Main.storyboard */ = {
			isa = PBXVariantGroup;
			children = (
				FA8BF2811F370C7E000BB960 /* Base */,
			);
			name = Main.storyboard;
			sourceTree = "<group>";
		};
		FA8BF2851F370C7E000BB960 /* LaunchScreen.storyboard */ = {
			isa = PBXVariantGroup;
			children = (
				FA8BF2861F370C7E000BB960 /* Base */,
			);
			name = LaunchScreen.storyboard;
			sourceTree = "<group>";
		};
/* End PBXVariantGroup section */

/* Begin XCBuildConfiguration section */
		FA8BF2891F370C7E000BB960 /* Debug */ = {
			isa = XCBuildConfiguration;
			buildSettings = {
				ALWAYS_SEARCH_USER_PATHS = NO;
				CLANG_ANALYZER_NONNULL = YES;
				CLANG_ANALYZER_NUMBER_OBJECT_CONVERSION = YES_AGGRESSIVE;
				CLANG_CXX_LANGUAGE_STANDARD = "gnu++0x";
				CLANG_CXX_LIBRARY = "libc++";
				CLANG_ENABLE_MODULES = YES;
				CLANG_ENABLE_OBJC_ARC = YES;
				CLANG_WARN_BOOL_CONVERSION = YES;
				CLANG_WARN_CONSTANT_CONVERSION = YES;
				CLANG_WARN_DIRECT_OBJC_ISA_USAGE = YES_ERROR;
				CLANG_WARN_DOCUMENTATION_COMMENTS = YES;
				CLANG_WARN_EMPTY_BODY = YES;
				CLANG_WARN_ENUM_CONVERSION = YES;
				CLANG_WARN_INFINITE_RECURSION = YES;
				CLANG_WARN_INT_CONVERSION = YES;
				CLANG_WARN_OBJC_ROOT_CLASS = YES_ERROR;
				CLANG_WARN_SUSPICIOUS_MOVE = YES;
				CLANG_WARN_UNREACHABLE_CODE = YES;
				CLANG_WARN__DUPLICATE_METHOD_MATCH = YES;
				"CODE_SIGN_IDENTITY[sdk=iphoneos*]" = "iPhone Developer";
				COPY_PHASE_STRIP = NO;
				DEBUG_INFORMATION_FORMAT = dwarf;
				ENABLE_STRICT_OBJC_MSGSEND = YES;
				ENABLE_TESTABILITY = YES;
				GCC_C_LANGUAGE_STANDARD = gnu99;
				GCC_DYNAMIC_NO_PIC = NO;
				GCC_NO_COMMON_BLOCKS = YES;
				GCC_OPTIMIZATION_LEVEL = 0;
				GCC_PREPROCESSOR_DEFINITIONS = (
					"DEBUG=1",
					"$(inherited)",
				);
				GCC_WARN_64_TO_32_BIT_CONVERSION = YES;
				GCC_WARN_ABOUT_RETURN_TYPE = YES_ERROR;
				GCC_WARN_UNDECLARED_SELECTOR = YES;
				GCC_WARN_UNINITIALIZED_AUTOS = YES_AGGRESSIVE;
				GCC_WARN_UNUSED_FUNCTION = YES;
				GCC_WARN_UNUSED_VARIABLE = YES;
				IPHONEOS_DEPLOYMENT_TARGET = 10.3;
				MTL_ENABLE_DEBUG_INFO = YES;
				ONLY_ACTIVE_ARCH = YES;
				SDKROOT = iphoneos;
			};
			name = Debug;
		};
		FA8BF28A1F370C7E000BB960 /* Release */ = {
			isa = XCBuildConfiguration;
			buildSettings = {
				ALWAYS_SEARCH_USER_PATHS = NO;
				CLANG_ANALYZER_NONNULL = YES;
				CLANG_ANALYZER_NUMBER_OBJECT_CONVERSION = YES_AGGRESSIVE;
				CLANG_CXX_LANGUAGE_STANDARD = "gnu++0x";
				CLANG_CXX_LIBRARY = "libc++";
				CLANG_ENABLE_MODULES = YES;
				CLANG_ENABLE_OBJC_ARC = YES;
				CLANG_WARN_BOOL_CONVERSION = YES;
				CLANG_WARN_CONSTANT_CONVERSION = YES;
				CLANG_WARN_DIRECT_OBJC_ISA_USAGE = YES_ERROR;
				CLANG_WARN_DOCUMENTATION_COMMENTS = YES;
				CLANG_WARN_EMPTY_BODY = YES;
				CLANG_WARN_ENUM_CONVERSION = YES;
				CLANG_WARN_INFINITE_RECURSION = YES;
				CLANG_WARN_INT_CONVERSION = YES;
				CLANG_WARN_OBJC_ROOT_CLASS = YES_ERROR;
				CLANG_WARN_SUSPICIOUS_MOVE = YES;
				CLANG_WARN_UNREACHABLE_CODE = YES;
				CLANG_WARN__DUPLICATE_METHOD_MATCH = YES;
				"CODE_SIGN_IDENTITY[sdk=iphoneos*]" = "iPhone Developer";
				COPY_PHASE_STRIP = NO;
				DEBUG_INFORMATION_FORMAT = "dwarf-with-dsym";
				ENABLE_NS_ASSERTIONS = NO;
				ENABLE_STRICT_OBJC_MSGSEND = YES;
				GCC_C_LANGUAGE_STANDARD = gnu99;
				GCC_NO_COMMON_BLOCKS = YES;
				GCC_WARN_64_TO_32_BIT_CONVERSION = YES;
				GCC_WARN_ABOUT_RETURN_TYPE = YES_ERROR;
				GCC_WARN_UNDECLARED_SELECTOR = YES;
				GCC_WARN_UNINITIALIZED_AUTOS = YES_AGGRESSIVE;
				GCC_WARN_UNUSED_FUNCTION = YES;
				GCC_WARN_UNUSED_VARIABLE = YES;
				IPHONEOS_DEPLOYMENT_TARGET = 10.3;
				MTL_ENABLE_DEBUG_INFO = NO;
				SDKROOT = iphoneos;
				VALIDATE_PRODUCT = YES;
			};
			name = Release;
		};
		FA8BF28C1F370C7E000BB960 /* Debug */ = {
			isa = XCBuildConfiguration;
			buildSettings = {
				ASSETCATALOG_COMPILER_APPICON_NAME = AppIcon;
				DEVELOPMENT_TEAM = 544PNK2P78;
				INFOPLIST_FILE = TestRunLoop2/Info.plist;
				LD_RUNPATH_SEARCH_PATHS = "$(inherited) @executable_path/Frameworks";
				PRODUCT_BUNDLE_IDENTIFIER = com.linshiwei.TestRunLoop2;
				PRODUCT_NAME = "$(TARGET_NAME)";
			};
			name = Debug;
		};
		FA8BF28D1F370C7E000BB960 /* Release */ = {
			isa = XCBuildConfiguration;
			buildSettings = {
				ASSETCATALOG_COMPILER_APPICON_NAME = AppIcon;
				DEVELOPMENT_TEAM = 544PNK2P78;
				INFOPLIST_FILE = TestRunLoop2/Info.plist;
				LD_RUNPATH_SEARCH_PATHS = "$(inherited) @executable_path/Frameworks";
				PRODUCT_BUNDLE_IDENTIFIER = com.linshiwei.TestRunLoop2;
				PRODUCT_NAME = "$(TARGET_NAME)";
			};
			name = Release;
		};
/* End XCBuildConfiguration section */

/* Begin XCConfigurationList section */
		FA8BF26F1F370C7E000BB960 /* Build configuration list for PBXProject "TestRunLoop2" */ = {
			isa = XCConfigurationList;
			buildConfigurations = (
				FA8BF2891F370C7E000BB960 /* Debug */,
				FA8BF28A1F370C7E000BB960 /* Release */,
			);
			defaultConfigurationIsVisible = 0;
			defaultConfigurationName = Release;
		};
		FA8BF28B1F370C7E000BB960 /* Build configuration list for PBXNativeTarget "TestRunLoop2" */ = {
			isa = XCConfigurationList;
			buildConfigurations = (
				FA8BF28C1F370C7E000BB960 /* Debug */,
				FA8BF28D1F370C7E000BB960 /* Release */,
			);
			defaultConfigurationIsVisible = 0;
		};
/* End XCConfigurationList section */
	};
	rootObject = FA8BF26C1F370C7E000BB960 /* Project object */;
}
